
Microsoft Visual Studio Solution File, Format Version 12.00
# Visual Studio 14
VisualStudioVersion = 14.0.23107.0
MinimumVisualStudioVersion = 10.0.40219.1
Project("{2150E333-8FDC-42A3-9474-1A3956D46DE8}") = ".nuget", ".nuget", "{B841C7F4-6C71-4AA8-B48F-330727EF5F94}"
	ProjectSection(SolutionItems) = preProject
		.nuget\packages.config = .nuget\packages.config
	EndProjectSection
EndProject
Project("{FAE04EC0-301F-11D3-BF4B-00C04F79EFBC}") = "RedirectionSite", "RedirectionSite\RedirectionSite.csproj", "{75F468DF-CFE6-4F90-9728-4CE024FA8D0A}"
EndProject
Project("{FAE04EC0-301F-11D3-BF4B-00C04F79EFBC}") = "Slingshot.Api", "Slingshot.Api\Slingshot.Api.csproj", "{37603203-843E-469D-9186-137533D4DA33}"
EndProject
Global
	GlobalSection(SolutionConfigurationPlatforms) = preSolution
		Debug|Any CPU = Debug|Any CPU
		Release|Any CPU = Release|Any CPU
	EndGlobalSection
	GlobalSection(ProjectConfigurationPlatforms) = postSolution
		{75F468DF-CFE6-4F90-9728-4CE024FA8D0A}.Debug|Any CPU.ActiveCfg = Debug|Any CPU
		{75F468DF-CFE6-4F90-9728-4CE024FA8D0A}.Debug|Any CPU.Build.0 = Debug|Any CPU
		{75F468DF-CFE6-4F90-9728-4CE024FA8D0A}.Release|Any CPU.ActiveCfg = Release|Any CPU
		{75F468DF-CFE6-4F90-9728-4CE024FA8D0A}.Release|Any CPU.Build.0 = Release|Any CPU
		{37603203-843E-469D-9186-137533D4DA33}.Debug|Any CPU.ActiveCfg = Debug|Any CPU
		{37603203-843E-469D-9186-137533D4DA33}.Debug|Any CPU.Build.0 = Debug|Any CPU
		{37603203-843E-469D-9186-137533D4DA33}.Release|Any CPU.ActiveCfg = Release|Any CPU
		{37603203-843E-469D-9186-137533D4DA33}.Release|Any CPU.Build.0 = Release|Any CPU
	EndGlobalSection
	GlobalSection(SolutionProperties) = preSolution
		HideSolutionNode = FALSE
	EndGlobalSection
EndGlobal
